// !$*UTF8*$!
{
	archiveVersion = 1;
	classes = {
	};
	objectVersion = 48;
	objects = {

/* Begin PBXBuildFile section */
		5339C91821474E9100474D73 /* main.cpp in Sources */ = {isa = PBXBuildFile; fileRef = 5339C91721474E9100474D73 /* main.cpp */; };
		5339C9252147BE0300474D73 /* memoryblock.cpp in Sources */ = {isa = PBXBuildFile; fileRef = 5339C9232147BE0300474D73 /* memoryblock.cpp */; };
		5339C9282147BE2400474D73 /* layer.cpp in Sources */ = {isa = PBXBuildFile; fileRef = 5339C9262147BE2400474D73 /* layer.cpp */; };
		5339C92B2147BE2900474D73 /* network.cpp in Sources */ = {isa = PBXBuildFile; fileRef = 5339C9292147BE2900474D73 /* network.cpp */; };
		5339C92E21481D7600474D73 /* dataprocessing.cpp in Sources */ = {isa = PBXBuildFile; fileRef = 5339C92C21481D7600474D73 /* dataprocessing.cpp */; };
		5339C93321482DAD00474D73 /* utility.cpp in Sources */ = {isa = PBXBuildFile; fileRef = 5339C93121482DAD00474D73 /* utility.cpp */; };
		5339C9372148315600474D73 /* memorycell.cpp in Sources */ = {isa = PBXBuildFile; fileRef = 5339C9352148315600474D73 /* memorycell.cpp */; };
		5339C93C214C38B500474D73 /* neuron.cpp in Sources */ = {isa = PBXBuildFile; fileRef = 5339C93A214C38B500474D73 /* neuron.cpp */; };
/* End PBXBuildFile section */

/* Begin PBXCopyFilesBuildPhase section */
		5339C91221474E9100474D73 /* CopyFiles */ = {
			isa = PBXCopyFilesBuildPhase;
			buildActionMask = 2147483647;
			dstPath = /usr/share/man/man1/;
			dstSubfolderSpec = 0;
			files = (
			);
			runOnlyForDeploymentPostprocessing = 1;
		};
/* End PBXCopyFilesBuildPhase section */

/* Begin PBXFileReference section */
		5339C91421474E9100474D73 /* LSTM1 */ = {isa = PBXFileReference; explicitFileType = "compiled.mach-o.executable"; includeInIndex = 0; path = LSTM1; sourceTree = BUILT_PRODUCTS_DIR; };
		5339C91721474E9100474D73 /* main.cpp */ = {isa = PBXFileReference; lastKnownFileType = sourcecode.cpp.cpp; path = main.cpp; sourceTree = "<group>"; };
		5339C9232147BE0300474D73 /* memoryblock.cpp */ = {isa = PBXFileReference; lastKnownFileType = sourcecode.cpp.cpp; path = memoryblock.cpp; sourceTree = "<group>"; };
		5339C9242147BE0300474D73 /* memoryblock.hpp */ = {isa = PBXFileReference; lastKnownFileType = sourcecode.cpp.h; path = memoryblock.hpp; sourceTree = "<group>"; };
		5339C9262147BE2400474D73 /* layer.cpp */ = {isa = PBXFileReference; lastKnownFileType = sourcecode.cpp.cpp; path = layer.cpp; sourceTree = "<group>"; };
		5339C9272147BE2400474D73 /* layer.hpp */ = {isa = PBXFileReference; lastKnownFileType = sourcecode.cpp.h; path = layer.hpp; sourceTree = "<group>"; };
		5339C9292147BE2900474D73 /* network.cpp */ = {isa = PBXFileReference; lastKnownFileType = sourcecode.cpp.cpp; path = network.cpp; sourceTree = "<group>"; };
		5339C92A2147BE2900474D73 /* network.hpp */ = {isa = PBXFileReference; lastKnownFileType = sourcecode.cpp.h; path = network.hpp; sourceTree = "<group>"; };
		5339C92C21481D7600474D73 /* dataprocessing.cpp */ = {isa = PBXFileReference; lastKnownFileType = sourcecode.cpp.cpp; path = dataprocessing.cpp; sourceTree = "<group>"; };
		5339C92D21481D7600474D73 /* dataprocessing.hpp */ = {isa = PBXFileReference; lastKnownFileType = sourcecode.cpp.h; path = dataprocessing.hpp; sourceTree = "<group>"; };
		5339C93021482B8100474D73 /* data.csv */ = {isa = PBXFileReference; fileEncoding = 4; lastKnownFileType = text; path = data.csv; sourceTree = "<group>"; };
		5339C93121482DAD00474D73 /* utility.cpp */ = {isa = PBXFileReference; lastKnownFileType = sourcecode.cpp.cpp; path = utility.cpp; sourceTree = "<group>"; };
		5339C93221482DAD00474D73 /* utility.hpp */ = {isa = PBXFileReference; lastKnownFileType = sourcecode.cpp.h; path = utility.hpp; sourceTree = "<group>"; };
		5339C9352148315600474D73 /* memorycell.cpp */ = {isa = PBXFileReference; lastKnownFileType = sourcecode.cpp.cpp; path = memorycell.cpp; sourceTree = "<group>"; };
		5339C9362148315600474D73 /* memorycell.hpp */ = {isa = PBXFileReference; lastKnownFileType = sourcecode.cpp.h; path = memorycell.hpp; sourceTree = "<group>"; };
		5339C938214C254E00474D73 /* unit.hpp */ = {isa = PBXFileReference; lastKnownFileType = sourcecode.cpp.h; path = unit.hpp; sourceTree = "<group>"; };
		5339C939214C257D00474D73 /* neuron.hpp */ = {isa = PBXFileReference; lastKnownFileType = sourcecode.cpp.h; path = neuron.hpp; sourceTree = "<group>"; };
		5339C93A214C38B500474D73 /* neuron.cpp */ = {isa = PBXFileReference; lastKnownFileType = sourcecode.cpp.cpp; path = neuron.cpp; sourceTree = "<group>"; };
/* End PBXFileReference section */

/* Begin PBXFrameworksBuildPhase section */
		5339C91121474E9100474D73 /* Frameworks */ = {
			isa = PBXFrameworksBuildPhase;
			buildActionMask = 2147483647;
			files = (
			);
			runOnlyForDeploymentPostprocessing = 0;
		};
/* End PBXFrameworksBuildPhase section */

/* Begin PBXGroup section */
		53146EAE2152303E0080BE04 /* lib */ = {
			isa = PBXGroup;
			children = (
			);
			path = lib;
			sourceTree = "<group>";
		};
		5339C90B21474E9100474D73 = {
			isa = PBXGroup;
			children = (
				5339C91621474E9100474D73 /* LSTM1 */,
				5339C91521474E9100474D73 /* Products */,
			);
			sourceTree = "<group>";
		};
		5339C91521474E9100474D73 /* Products */ = {
			isa = PBXGroup;
			children = (
				5339C91421474E9100474D73 /* LSTM1 */,
			);
			name = Products;
			sourceTree = "<group>";
		};
		5339C91621474E9100474D73 /* LSTM1 */ = {
			isa = PBXGroup;
			children = (
				5339C91721474E9100474D73 /* main.cpp */,
				5339C934214830EA00474D73 /* include */,
				5339C91F2147BDBB00474D73 /* src */,
				53146EAE2152303E0080BE04 /* lib */,
				5339C92F214821B000474D73 /* data */,
			);
			path = LSTM1;
			sourceTree = "<group>";
		};
		5339C91F2147BDBB00474D73 /* src */ = {
			isa = PBXGroup;
			children = (
				5339C93121482DAD00474D73 /* utility.cpp */,
				5339C92C21481D7600474D73 /* dataprocessing.cpp */,
				5339C9292147BE2900474D73 /* network.cpp */,
				5339C9262147BE2400474D73 /* layer.cpp */,
				5339C9232147BE0300474D73 /* memoryblock.cpp */,
				5339C93A214C38B500474D73 /* neuron.cpp */,
				5339C9352148315600474D73 /* memorycell.cpp */,
			);
			path = src;
			sourceTree = "<group>";
		};
		5339C92F214821B000474D73 /* data */ = {
			isa = PBXGroup;
			children = (
				5339C93021482B8100474D73 /* data.csv */,
			);
			path = data;
			sourceTree = "<group>";
		};
		5339C934214830EA00474D73 /* include */ = {
			isa = PBXGroup;
			children = (
				5339C93221482DAD00474D73 /* utility.hpp */,
				5339C92D21481D7600474D73 /* dataprocessing.hpp */,
				5339C92A2147BE2900474D73 /* network.hpp */,
				5339C9272147BE2400474D73 /* layer.hpp */,
				5339C938214C254E00474D73 /* unit.hpp */,
				5339C9242147BE0300474D73 /* memoryblock.hpp */,
				5339C939214C257D00474D73 /* neuron.hpp */,
				5339C9362148315600474D73 /* memorycell.hpp */,
			);
			path = include;
			sourceTree = "<group>";
		};
/* End PBXGroup section */

/* Begin PBXNativeTarget section */
		5339C91321474E9100474D73 /* LSTM1 */ = {
			isa = PBXNativeTarget;
			buildConfigurationList = 5339C91B21474E9100474D73 /* Build configuration list for PBXNativeTarget "LSTM1" */;
			buildPhases = (
				5339C91021474E9100474D73 /* Sources */,
				5339C91121474E9100474D73 /* Frameworks */,
				5339C91221474E9100474D73 /* CopyFiles */,
			);
			buildRules = (
			);
			dependencies = (
			);
			name = LSTM1;
			productName = LSTM1;
			productReference = 5339C91421474E9100474D73 /* LSTM1 */;
			productType = "com.apple.product-type.tool";
		};
/* End PBXNativeTarget section */

/* Begin PBXProject section */
		5339C90C21474E9100474D73 /* Project object */ = {
			isa = PBXProject;
			attributes = {
				LastUpgradeCheck = 0920;
				ORGANIZATIONNAME = "Angle Qian";
				TargetAttributes = {
					5339C91321474E9100474D73 = {
						CreatedOnToolsVersion = 9.2;
						ProvisioningStyle = Automatic;
					};
				};
			};
			buildConfigurationList = 5339C90F21474E9100474D73 /* Build configuration list for PBXProject "LSTM1" */;
			compatibilityVersion = "Xcode 8.0";
			developmentRegion = en;
			hasScannedForEncodings = 0;
			knownRegions = (
				en,
			);
			mainGroup = 5339C90B21474E9100474D73;
			productRefGroup = 5339C91521474E9100474D73 /* Products */;
			projectDirPath = "";
			projectRoot = "";
			targets = (
				5339C91321474E9100474D73 /* LSTM1 */,
			);
		};
/* End PBXProject section */

/* Begin PBXSourcesBuildPhase section */
		5339C91021474E9100474D73 /* Sources */ = {
			isa = PBXSourcesBuildPhase;
			buildActionMask = 2147483647;
			files = (
				5339C93321482DAD00474D73 /* utility.cpp in Sources */,
				5339C9252147BE0300474D73 /* memoryblock.cpp in Sources */,
				5339C93C214C38B500474D73 /* neuron.cpp in Sources */,
				5339C9372148315600474D73 /* memorycell.cpp in Sources */,
				5339C92E21481D7600474D73 /* dataprocessing.cpp in Sources */,
				5339C91821474E9100474D73 /* main.cpp in Sources */,
				5339C92B2147BE2900474D73 /* network.cpp in Sources */,
				5339C9282147BE2400474D73 /* layer.cpp in Sources */,
			);
			runOnlyForDeploymentPostprocessing = 0;
		};
/* End PBXSourcesBuildPhase section */

/* Begin XCBuildConfiguration section */
		5339C91921474E9100474D73 /* Debug */ = {
			isa = XCBuildConfiguration;
			buildSettings = {
				ALWAYS_SEARCH_USER_PATHS = NO;
				CLANG_ANALYZER_NONNULL = YES;
				CLANG_ANALYZER_NUMBER_OBJECT_CONVERSION = YES_AGGRESSIVE;
				CLANG_CXX_LANGUAGE_STANDARD = "gnu++14";
				CLANG_CXX_LIBRARY = "libc++";
				CLANG_ENABLE_MODULES = YES;
				CLANG_ENABLE_OBJC_ARC = YES;
				CLANG_WARN_BLOCK_CAPTURE_AUTORELEASING = YES;
				CLANG_WARN_BOOL_CONVERSION = YES;
				CLANG_WARN_COMMA = YES;
				CLANG_WARN_CONSTANT_CONVERSION = YES;
				CLANG_WARN_DIRECT_OBJC_ISA_USAGE = YES_ERROR;
				CLANG_WARN_DOCUMENTATION_COMMENTS = YES;
				CLANG_WARN_EMPTY_BODY = YES;
				CLANG_WARN_ENUM_CONVERSION = YES;
				CLANG_WARN_INFINITE_RECURSION = YES;
				CLANG_WARN_INT_CONVERSION = YES;
				CLANG_WARN_NON_LITERAL_NULL_CONVERSION = YES;
				CLANG_WARN_OBJC_LITERAL_CONVERSION = YES;
				CLANG_WARN_OBJC_ROOT_CLASS = YES_ERROR;
				CLANG_WARN_RANGE_LOOP_ANALYSIS = YES;
				CLANG_WARN_STRICT_PROTOTYPES = YES;
				CLANG_WARN_SUSPICIOUS_MOVE = YES;
				CLANG_WARN_UNGUARDED_AVAILABILITY = YES_AGGRESSIVE;
				CLANG_WARN_UNREACHABLE_CODE = YES;
				CLANG_WARN__DUPLICATE_METHOD_MATCH = YES;
				CODE_SIGN_IDENTITY = "-";
				COPY_PHASE_STRIP = NO;
				DEBUG_INFORMATION_FORMAT = dwarf;
				ENABLE_STRICT_OBJC_MSGSEND = YES;
				ENABLE_TESTABILITY = YES;
				GCC_C_LANGUAGE_STANDARD = gnu11;
				GCC_DYNAMIC_NO_PIC = NO;
				GCC_NO_COMMON_BLOCKS = YES;
				GCC_OPTIMIZATION_LEVEL = 0;
				GCC_PREPROCESSOR_DEFINITIONS = (
					"DEBUG=1",
					"$(inherited)",
				);
				GCC_WARN_64_TO_32_BIT_CONVERSION = YES;
				GCC_WARN_ABOUT_RETURN_TYPE = YES_ERROR;
				GCC_WARN_UNDECLARED_SELECTOR = YES;
				GCC_WARN_UNINITIALIZED_AUTOS = YES_AGGRESSIVE;
				GCC_WARN_UNUSED_FUNCTION = YES;
				GCC_WARN_UNUSED_VARIABLE = YES;
				MACOSX_DEPLOYMENT_TARGET = 10.13;
				MTL_ENABLE_DEBUG_INFO = YES;
				ONLY_ACTIVE_ARCH = YES;
				SDKROOT = macosx;
			};
			name = Debug;
		};
		5339C91A21474E9100474D73 /* Release */ = {
			isa = XCBuildConfiguration;
			buildSettings = {
				ALWAYS_SEARCH_USER_PATHS = NO;
				CLANG_ANALYZER_NONNULL = YES;
				CLANG_ANALYZER_NUMBER_OBJECT_CONVERSION = YES_AGGRESSIVE;
				CLANG_CXX_LANGUAGE_STANDARD = "gnu++14";
				CLANG_CXX_LIBRARY = "libc++";
				CLANG_ENABLE_MODULES = YES;
				CLANG_ENABLE_OBJC_ARC = YES;
				CLANG_WARN_BLOCK_CAPTURE_AUTORELEASING = YES;
				CLANG_WARN_BOOL_CONVERSION = YES;
				CLANG_WARN_COMMA = YES;
				CLANG_WARN_CONSTANT_CONVERSION = YES;
				CLANG_WARN_DIRECT_OBJC_ISA_USAGE = YES_ERROR;
				CLANG_WARN_DOCUMENTATION_COMMENTS = YES;
				CLANG_WARN_EMPTY_BODY = YES;
				CLANG_WARN_ENUM_CONVERSION = YES;
				CLANG_WARN_INFINITE_RECURSION = YES;
				CLANG_WARN_INT_CONVERSION = YES;
				CLANG_WARN_NON_LITERAL_NULL_CONVERSION = YES;
				CLANG_WARN_OBJC_LITERAL_CONVERSION = YES;
				CLANG_WARN_OBJC_ROOT_CLASS = YES_ERROR;
				CLANG_WARN_RANGE_LOOP_ANALYSIS = YES;
				CLANG_WARN_STRICT_PROTOTYPES = YES;
				CLANG_WARN_SUSPICIOUS_MOVE = YES;
				CLANG_WARN_UNGUARDED_AVAILABILITY = YES_AGGRESSIVE;
				CLANG_WARN_UNREACHABLE_CODE = YES;
				CLANG_WARN__DUPLICATE_METHOD_MATCH = YES;
				CODE_SIGN_IDENTITY = "-";
				COPY_PHASE_STRIP = NO;
				DEBUG_INFORMATION_FORMAT = "dwarf-with-dsym";
				ENABLE_NS_ASSERTIONS = NO;
				ENABLE_STRICT_OBJC_MSGSEND = YES;
				GCC_C_LANGUAGE_STANDARD = gnu11;
				GCC_NO_COMMON_BLOCKS = YES;
				GCC_WARN_64_TO_32_BIT_CONVERSION = YES;
				GCC_WARN_ABOUT_RETURN_TYPE = YES_ERROR;
				GCC_WARN_UNDECLARED_SELECTOR = YES;
				GCC_WARN_UNINITIALIZED_AUTOS = YES_AGGRESSIVE;
				GCC_WARN_UNUSED_FUNCTION = YES;
				GCC_WARN_UNUSED_VARIABLE = YES;
				MACOSX_DEPLOYMENT_TARGET = 10.13;
				MTL_ENABLE_DEBUG_INFO = NO;
				SDKROOT = macosx;
			};
			name = Release;
		};
		5339C91C21474E9100474D73 /* Debug */ = {
			isa = XCBuildConfiguration;
			buildSettings = {
				CODE_SIGN_STYLE = Automatic;
				PRODUCT_NAME = "$(TARGET_NAME)";
			};
			name = Debug;
		};
		5339C91D21474E9100474D73 /* Release */ = {
			isa = XCBuildConfiguration;
			buildSettings = {
				CODE_SIGN_STYLE = Automatic;
				PRODUCT_NAME = "$(TARGET_NAME)";
			};
			name = Release;
		};
/* End XCBuildConfiguration section */

/* Begin XCConfigurationList section */
		5339C90F21474E9100474D73 /* Build configuration list for PBXProject "LSTM1" */ = {
			isa = XCConfigurationList;
			buildConfigurations = (
				5339C91921474E9100474D73 /* Debug */,
				5339C91A21474E9100474D73 /* Release */,
			);
			defaultConfigurationIsVisible = 0;
			defaultConfigurationName = Release;
		};
		5339C91B21474E9100474D73 /* Build configuration list for PBXNativeTarget "LSTM1" */ = {
			isa = XCConfigurationList;
			buildConfigurations = (
				5339C91C21474E9100474D73 /* Debug */,
				5339C91D21474E9100474D73 /* Release */,
			);
			defaultConfigurationIsVisible = 0;
			defaultConfigurationName = Release;
		};
/* End XCConfigurationList section */
	};
	rootObject = 5339C90C21474E9100474D73 /* Project object */;
}
